{
  "name": "sih-voice-assistant",
  "lockfileVersion": 3,
  "requires": true,
  "packages": {
    "": {
      "dependencies": {
        "untun": "^0.2.2"
      }
    },
    "node_modules/untun": {
      "version": "0.2.2",
      "resolved": "https://registry.npmjs.org/untun/-/untun-0.2.2.tgz",
      "integrity": "sha512-+NnOJcSiEtYsVgJmXUzQbJeRAFXJC4yPJYuh6kF9B0Rm6zunXcs/3GZOTllyocSbUDIxD6Bj7e/4ATw7sph1Sw==",
      "license": "MIT",
      "bin": {
        "untun": "dist/cli.mjs"
      }
    }
  }
}
